
Microsoft Visual Studio Solution File, Format Version 12.00
# Visual Studio Version 17
VisualStudioVersion = 17.0.32112.339
MinimumVisualStudioVersion = 10.0.40219.1
Project("{FAE04EC0-301F-11D3-BF4B-00C04F79EFBC}") = "QuanLyKhoApp", "QuanLyKhoApp\QuanLyKhoApp.csproj", "{72F048A6-DB47-4FC4-A62F-276D917BAA10}"
EndProject
Global
	GlobalSection(SolutionConfigurationPlatforms) = preSolution
		Debug|Any CPU = Debug|Any CPU
		Release|Any CPU = Release|Any CPU
	EndGlobalSection
	GlobalSection(ProjectConfigurationPlatforms) = postSolution
		{72F048A6-DB47-4FC4-A62F-276D917BAA10}.Debug|Any CPU.ActiveCfg = Debug|Any CPU
		{72F048A6-DB47-4FC4-A62F-276D917BAA10}.Debug|Any CPU.Build.0 = Debug|Any CPU
		{72F048A6-DB47-4FC4-A62F-276D917BAA10}.Release|Any CPU.ActiveCfg = Release|Any CPU
		{72F048A6-DB47-4FC4-A62F-276D917BAA10}.Release|Any CPU.Build.0 = Release|Any CPU
	EndGlobalSection
	GlobalSection(SolutionProperties) = preSolution
		HideSolutionNode = FALSE
	EndGlobalSection
	GlobalSection(ExtensibilityGlobals) = postSolution
		SolutionGuid = {E80F6175-2E07-4019-BF9C-97878793D035}
	EndGlobalSection
EndGlobal
